
Microsoft Visual Studio Solution File, Format Version 12.00
# Visual Studio 2013
VisualStudioVersion = 12.0.21005.1
MinimumVisualStudioVersion = 10.0.40219.1
Project("{FAE04EC0-301F-11D3-BF4B-00C04F79EFBC}") = "Training.Workshop.Domain", "Training.Workshop.Domain\Training.Workshop.Domain.csproj", "{68341FD6-5F99-487E-A13E-3E1D177A901A}"
	ProjectSection(ProjectDependencies) = postProject
		{4B217E3B-5FF3-4731-8731-789092B49A10} = {4B217E3B-5FF3-4731-8731-789092B49A10}
	EndProjectSection
EndProject
Project("{FAE04EC0-301F-11D3-BF4B-00C04F79EFBC}") = "Training.Workshop.Service", "Training.Workshop.Service\Training.Workshop.Service.csproj", "{648382E8-7DBA-4C52-9DBF-CDCFC74204D6}"
	ProjectSection(ProjectDependencies) = postProject
		{4B217E3B-5FF3-4731-8731-789092B49A10} = {4B217E3B-5FF3-4731-8731-789092B49A10}
		{A215159A-735E-4540-8713-D4692CD28639} = {A215159A-735E-4540-8713-D4692CD28639}
		{68341FD6-5F99-487E-A13E-3E1D177A901A} = {68341FD6-5F99-487E-A13E-3E1D177A901A}
	EndProjectSection
EndProject
Project("{FAE04EC0-301F-11D3-BF4B-00C04F79EFBC}") = "Training.Workshop.Data", "Training.Workshop.Data\Training.Workshop.Data.csproj", "{A215159A-735E-4540-8713-D4692CD28639}"
	ProjectSection(ProjectDependencies) = postProject
		{68341FD6-5F99-487E-A13E-3E1D177A901A} = {68341FD6-5F99-487E-A13E-3E1D177A901A}
	EndProjectSection
EndProject
Project("{FAE04EC0-301F-11D3-BF4B-00C04F79EFBC}") = "Training.Workshop.Core", "Training.Workshop.Core\Training.Workshop.Core.csproj", "{85C13DA5-D881-41A9-9D3C-404C0EAD7ED1}"
EndProject
Project("{FAE04EC0-301F-11D3-BF4B-00C04F79EFBC}") = "Training.Workshop.Service.ServiceLocator", "Training.Workshop.Service.ServiceLocator\Training.Workshop.Service.ServiceLocator.csproj", "{4B217E3B-5FF3-4731-8731-789092B49A10}"
EndProject
Project("{FAE04EC0-301F-11D3-BF4B-00C04F79EFBC}") = "Training.Workshop.UnitOfWork", "Training.Workshop.UnitOfWork\Training.Workshop.UnitOfWork.csproj", "{831DFCF3-47ED-4DEA-A619-535848584ECB}"
EndProject
Project("{FAE04EC0-301F-11D3-BF4B-00C04F79EFBC}") = "Training.Workshop.Data.SQL", "Training.Workshop.Data.SQL\Training.Workshop.Data.SQL.csproj", "{BC25B1BE-C2FA-446C-A542-EFE494FA5DAA}"
	ProjectSection(ProjectDependencies) = postProject
		{A215159A-735E-4540-8713-D4692CD28639} = {A215159A-735E-4540-8713-D4692CD28639}
		{68341FD6-5F99-487E-A13E-3E1D177A901A} = {68341FD6-5F99-487E-A13E-3E1D177A901A}
		{831DFCF3-47ED-4DEA-A619-535848584ECB} = {831DFCF3-47ED-4DEA-A619-535848584ECB}
	EndProjectSection
EndProject
Project("{FAE04EC0-301F-11D3-BF4B-00C04F79EFBC}") = "Training.Workshop.ConsoleClient", "Training.Workshop.ConsoleClient\Training.Workshop.ConsoleClient.csproj", "{6AAF2AF5-C15B-4538-8292-C6CE116EAFC6}"
	ProjectSection(ProjectDependencies) = postProject
		{4B217E3B-5FF3-4731-8731-789092B49A10} = {4B217E3B-5FF3-4731-8731-789092B49A10}
		{BC25B1BE-C2FA-446C-A542-EFE494FA5DAA} = {BC25B1BE-C2FA-446C-A542-EFE494FA5DAA}
		{68341FD6-5F99-487E-A13E-3E1D177A901A} = {68341FD6-5F99-487E-A13E-3E1D177A901A}
		{648382E8-7DBA-4C52-9DBF-CDCFC74204D6} = {648382E8-7DBA-4C52-9DBF-CDCFC74204D6}
		{831DFCF3-47ED-4DEA-A619-535848584ECB} = {831DFCF3-47ED-4DEA-A619-535848584ECB}
	EndProjectSection
EndProject
Project("{FAE04EC0-301F-11D3-BF4B-00C04F79EFBC}") = "Training.Workshop.ASP.Controllers", "Training.Workshop.ASP.Controllers\Training.Workshop.ASP.Controllers.csproj", "{7BBF252D-94FD-492A-B01E-48A509944008}"
	ProjectSection(ProjectDependencies) = postProject
		{4B217E3B-5FF3-4731-8731-789092B49A10} = {4B217E3B-5FF3-4731-8731-789092B49A10}
		{A215159A-735E-4540-8713-D4692CD28639} = {A215159A-735E-4540-8713-D4692CD28639}
		{68341FD6-5F99-487E-A13E-3E1D177A901A} = {68341FD6-5F99-487E-A13E-3E1D177A901A}
		{648382E8-7DBA-4C52-9DBF-CDCFC74204D6} = {648382E8-7DBA-4C52-9DBF-CDCFC74204D6}
		{831DFCF3-47ED-4DEA-A619-535848584ECB} = {831DFCF3-47ED-4DEA-A619-535848584ECB}
	EndProjectSection
EndProject
Project("{FAE04EC0-301F-11D3-BF4B-00C04F79EFBC}") = "Training.Workshop.ASP.Views", "Training.Workshop.ASP.Views\Training.Workshop.ASP.Views.csproj", "{38249F4E-E368-40AC-9C54-8058686CE735}"
EndProject
Project("{FAE04EC0-301F-11D3-BF4B-00C04F79EFBC}") = "Training.Workshop.ASP.PageControllerLocator", "Training.Workshop.ASP.PageControllerLocator\Training.Workshop.ASP.PageControllerLocator.csproj", "{F6AA6E15-B2F6-4B7C-9738-1E95EBAC0F2A}"
EndProject
Project("{FAE04EC0-301F-11D3-BF4B-00C04F79EFBC}") = "Training.Workshop.ASP.Client", "Training.Workshop.ASP.Client\Training.Workshop.ASP.Client.csproj", "{C2D46942-2C7A-4ED4-8866-1F5DE28C53F1}"
	ProjectSection(ProjectDependencies) = postProject
		{F6AA6E15-B2F6-4B7C-9738-1E95EBAC0F2A} = {F6AA6E15-B2F6-4B7C-9738-1E95EBAC0F2A}
		{7BBF252D-94FD-492A-B01E-48A509944008} = {7BBF252D-94FD-492A-B01E-48A509944008}
		{4B217E3B-5FF3-4731-8731-789092B49A10} = {4B217E3B-5FF3-4731-8731-789092B49A10}
		{38249F4E-E368-40AC-9C54-8058686CE735} = {38249F4E-E368-40AC-9C54-8058686CE735}
		{A215159A-735E-4540-8713-D4692CD28639} = {A215159A-735E-4540-8713-D4692CD28639}
		{BC25B1BE-C2FA-446C-A542-EFE494FA5DAA} = {BC25B1BE-C2FA-446C-A542-EFE494FA5DAA}
		{68341FD6-5F99-487E-A13E-3E1D177A901A} = {68341FD6-5F99-487E-A13E-3E1D177A901A}
		{648382E8-7DBA-4C52-9DBF-CDCFC74204D6} = {648382E8-7DBA-4C52-9DBF-CDCFC74204D6}
		{831DFCF3-47ED-4DEA-A619-535848584ECB} = {831DFCF3-47ED-4DEA-A619-535848584ECB}
	EndProjectSection
EndProject
Project("{FAE04EC0-301F-11D3-BF4B-00C04F79EFBC}") = "UnitTestBLL", "UnitTestBLL\UnitTestBLL.csproj", "{1AA16AE5-B55E-41DA-B44B-1AEFAB1D5168}"
	ProjectSection(ProjectDependencies) = postProject
		{F6AA6E15-B2F6-4B7C-9738-1E95EBAC0F2A} = {F6AA6E15-B2F6-4B7C-9738-1E95EBAC0F2A}
		{7BBF252D-94FD-492A-B01E-48A509944008} = {7BBF252D-94FD-492A-B01E-48A509944008}
		{4B217E3B-5FF3-4731-8731-789092B49A10} = {4B217E3B-5FF3-4731-8731-789092B49A10}
		{C2D46942-2C7A-4ED4-8866-1F5DE28C53F1} = {C2D46942-2C7A-4ED4-8866-1F5DE28C53F1}
		{38249F4E-E368-40AC-9C54-8058686CE735} = {38249F4E-E368-40AC-9C54-8058686CE735}
		{A215159A-735E-4540-8713-D4692CD28639} = {A215159A-735E-4540-8713-D4692CD28639}
		{BC25B1BE-C2FA-446C-A542-EFE494FA5DAA} = {BC25B1BE-C2FA-446C-A542-EFE494FA5DAA}
		{68341FD6-5F99-487E-A13E-3E1D177A901A} = {68341FD6-5F99-487E-A13E-3E1D177A901A}
		{648382E8-7DBA-4C52-9DBF-CDCFC74204D6} = {648382E8-7DBA-4C52-9DBF-CDCFC74204D6}
		{831DFCF3-47ED-4DEA-A619-535848584ECB} = {831DFCF3-47ED-4DEA-A619-535848584ECB}
	EndProjectSection
EndProject
Project("{00D1A9C2-B5F0-4AF3-8072-F6C62B433612}") = "Training.Workshop.SQLDatabase", "Training.Workshop.SQLDatabase\Training.Workshop.SQLDatabase.sqlproj", "{CA857B3C-1D18-4CDD-8211-0B6F2F82DA70}"
EndProject
Global
	GlobalSection(SolutionConfigurationPlatforms) = preSolution
		Debug|Any CPU = Debug|Any CPU
		Debug|x86 = Debug|x86
		Release|Any CPU = Release|Any CPU
		Release|x86 = Release|x86
	EndGlobalSection
	GlobalSection(ProjectConfigurationPlatforms) = postSolution
		{68341FD6-5F99-487E-A13E-3E1D177A901A}.Debug|Any CPU.ActiveCfg = Debug|Any CPU
		{68341FD6-5F99-487E-A13E-3E1D177A901A}.Debug|Any CPU.Build.0 = Debug|Any CPU
		{68341FD6-5F99-487E-A13E-3E1D177A901A}.Debug|x86.ActiveCfg = Debug|x86
		{68341FD6-5F99-487E-A13E-3E1D177A901A}.Debug|x86.Build.0 = Debug|x86
		{68341FD6-5F99-487E-A13E-3E1D177A901A}.Release|Any CPU.ActiveCfg = Release|Any CPU
		{68341FD6-5F99-487E-A13E-3E1D177A901A}.Release|Any CPU.Build.0 = Release|Any CPU
		{68341FD6-5F99-487E-A13E-3E1D177A901A}.Release|x86.ActiveCfg = Release|x86
		{68341FD6-5F99-487E-A13E-3E1D177A901A}.Release|x86.Build.0 = Release|x86
		{648382E8-7DBA-4C52-9DBF-CDCFC74204D6}.Debug|Any CPU.ActiveCfg = Debug|Any CPU
		{648382E8-7DBA-4C52-9DBF-CDCFC74204D6}.Debug|Any CPU.Build.0 = Debug|Any CPU
		{648382E8-7DBA-4C52-9DBF-CDCFC74204D6}.Debug|x86.ActiveCfg = Debug|x86
		{648382E8-7DBA-4C52-9DBF-CDCFC74204D6}.Debug|x86.Build.0 = Debug|x86
		{648382E8-7DBA-4C52-9DBF-CDCFC74204D6}.Release|Any CPU.ActiveCfg = Release|Any CPU
		{648382E8-7DBA-4C52-9DBF-CDCFC74204D6}.Release|Any CPU.Build.0 = Release|Any CPU
		{648382E8-7DBA-4C52-9DBF-CDCFC74204D6}.Release|x86.ActiveCfg = Release|x86
		{648382E8-7DBA-4C52-9DBF-CDCFC74204D6}.Release|x86.Build.0 = Release|x86
		{A215159A-735E-4540-8713-D4692CD28639}.Debug|Any CPU.ActiveCfg = Debug|Any CPU
		{A215159A-735E-4540-8713-D4692CD28639}.Debug|Any CPU.Build.0 = Debug|Any CPU
		{A215159A-735E-4540-8713-D4692CD28639}.Debug|x86.ActiveCfg = Debug|x86
		{A215159A-735E-4540-8713-D4692CD28639}.Debug|x86.Build.0 = Debug|x86
		{A215159A-735E-4540-8713-D4692CD28639}.Release|Any CPU.ActiveCfg = Release|Any CPU
		{A215159A-735E-4540-8713-D4692CD28639}.Release|Any CPU.Build.0 = Release|Any CPU
		{A215159A-735E-4540-8713-D4692CD28639}.Release|x86.ActiveCfg = Release|x86
		{A215159A-735E-4540-8713-D4692CD28639}.Release|x86.Build.0 = Release|x86
		{85C13DA5-D881-41A9-9D3C-404C0EAD7ED1}.Debug|Any CPU.ActiveCfg = Debug|Any CPU
		{85C13DA5-D881-41A9-9D3C-404C0EAD7ED1}.Debug|Any CPU.Build.0 = Debug|Any CPU
		{85C13DA5-D881-41A9-9D3C-404C0EAD7ED1}.Debug|x86.ActiveCfg = Debug|x86
		{85C13DA5-D881-41A9-9D3C-404C0EAD7ED1}.Debug|x86.Build.0 = Debug|x86
		{85C13DA5-D881-41A9-9D3C-404C0EAD7ED1}.Release|Any CPU.ActiveCfg = Release|Any CPU
		{85C13DA5-D881-41A9-9D3C-404C0EAD7ED1}.Release|Any CPU.Build.0 = Release|Any CPU
		{85C13DA5-D881-41A9-9D3C-404C0EAD7ED1}.Release|x86.ActiveCfg = Release|x86
		{85C13DA5-D881-41A9-9D3C-404C0EAD7ED1}.Release|x86.Build.0 = Release|x86
		{4B217E3B-5FF3-4731-8731-789092B49A10}.Debug|Any CPU.ActiveCfg = Debug|Any CPU
		{4B217E3B-5FF3-4731-8731-789092B49A10}.Debug|Any CPU.Build.0 = Debug|Any CPU
		{4B217E3B-5FF3-4731-8731-789092B49A10}.Debug|x86.ActiveCfg = Debug|x86
		{4B217E3B-5FF3-4731-8731-789092B49A10}.Debug|x86.Build.0 = Debug|x86
		{4B217E3B-5FF3-4731-8731-789092B49A10}.Release|Any CPU.ActiveCfg = Release|Any CPU
		{4B217E3B-5FF3-4731-8731-789092B49A10}.Release|Any CPU.Build.0 = Release|Any CPU
		{4B217E3B-5FF3-4731-8731-789092B49A10}.Release|x86.ActiveCfg = Release|x86
		{4B217E3B-5FF3-4731-8731-789092B49A10}.Release|x86.Build.0 = Release|x86
		{831DFCF3-47ED-4DEA-A619-535848584ECB}.Debug|Any CPU.ActiveCfg = Debug|Any CPU
		{831DFCF3-47ED-4DEA-A619-535848584ECB}.Debug|Any CPU.Build.0 = Debug|Any CPU
		{831DFCF3-47ED-4DEA-A619-535848584ECB}.Debug|x86.ActiveCfg = Debug|x86
		{831DFCF3-47ED-4DEA-A619-535848584ECB}.Debug|x86.Build.0 = Debug|x86
		{831DFCF3-47ED-4DEA-A619-535848584ECB}.Release|Any CPU.ActiveCfg = Release|Any CPU
		{831DFCF3-47ED-4DEA-A619-535848584ECB}.Release|Any CPU.Build.0 = Release|Any CPU
		{831DFCF3-47ED-4DEA-A619-535848584ECB}.Release|x86.ActiveCfg = Release|x86
		{831DFCF3-47ED-4DEA-A619-535848584ECB}.Release|x86.Build.0 = Release|x86
		{BC25B1BE-C2FA-446C-A542-EFE494FA5DAA}.Debug|Any CPU.ActiveCfg = Debug|Any CPU
		{BC25B1BE-C2FA-446C-A542-EFE494FA5DAA}.Debug|Any CPU.Build.0 = Debug|Any CPU
		{BC25B1BE-C2FA-446C-A542-EFE494FA5DAA}.Debug|x86.ActiveCfg = Debug|x86
		{BC25B1BE-C2FA-446C-A542-EFE494FA5DAA}.Debug|x86.Build.0 = Debug|x86
		{BC25B1BE-C2FA-446C-A542-EFE494FA5DAA}.Release|Any CPU.ActiveCfg = Release|Any CPU
		{BC25B1BE-C2FA-446C-A542-EFE494FA5DAA}.Release|Any CPU.Build.0 = Release|Any CPU
		{BC25B1BE-C2FA-446C-A542-EFE494FA5DAA}.Release|x86.ActiveCfg = Release|x86
		{BC25B1BE-C2FA-446C-A542-EFE494FA5DAA}.Release|x86.Build.0 = Release|x86
		{6AAF2AF5-C15B-4538-8292-C6CE116EAFC6}.Debug|Any CPU.ActiveCfg = Debug|Any CPU
		{6AAF2AF5-C15B-4538-8292-C6CE116EAFC6}.Debug|Any CPU.Build.0 = Debug|Any CPU
		{6AAF2AF5-C15B-4538-8292-C6CE116EAFC6}.Debug|x86.ActiveCfg = Debug|x86
		{6AAF2AF5-C15B-4538-8292-C6CE116EAFC6}.Debug|x86.Build.0 = Debug|x86
		{6AAF2AF5-C15B-4538-8292-C6CE116EAFC6}.Release|Any CPU.ActiveCfg = Release|Any CPU
		{6AAF2AF5-C15B-4538-8292-C6CE116EAFC6}.Release|Any CPU.Build.0 = Release|Any CPU
		{6AAF2AF5-C15B-4538-8292-C6CE116EAFC6}.Release|x86.ActiveCfg = Release|x86
		{6AAF2AF5-C15B-4538-8292-C6CE116EAFC6}.Release|x86.Build.0 = Release|x86
		{7BBF252D-94FD-492A-B01E-48A509944008}.Debug|Any CPU.ActiveCfg = Debug|Any CPU
		{7BBF252D-94FD-492A-B01E-48A509944008}.Debug|Any CPU.Build.0 = Debug|Any CPU
		{7BBF252D-94FD-492A-B01E-48A509944008}.Debug|x86.ActiveCfg = Debug|x86
		{7BBF252D-94FD-492A-B01E-48A509944008}.Debug|x86.Build.0 = Debug|x86
		{7BBF252D-94FD-492A-B01E-48A509944008}.Release|Any CPU.ActiveCfg = Release|Any CPU
		{7BBF252D-94FD-492A-B01E-48A509944008}.Release|Any CPU.Build.0 = Release|Any CPU
		{7BBF252D-94FD-492A-B01E-48A509944008}.Release|x86.ActiveCfg = Release|x86
		{7BBF252D-94FD-492A-B01E-48A509944008}.Release|x86.Build.0 = Release|x86
		{38249F4E-E368-40AC-9C54-8058686CE735}.Debug|Any CPU.ActiveCfg = Debug|Any CPU
		{38249F4E-E368-40AC-9C54-8058686CE735}.Debug|Any CPU.Build.0 = Debug|Any CPU
		{38249F4E-E368-40AC-9C54-8058686CE735}.Debug|x86.ActiveCfg = Debug|x86
		{38249F4E-E368-40AC-9C54-8058686CE735}.Debug|x86.Build.0 = Debug|x86
		{38249F4E-E368-40AC-9C54-8058686CE735}.Release|Any CPU.ActiveCfg = Release|Any CPU
		{38249F4E-E368-40AC-9C54-8058686CE735}.Release|Any CPU.Build.0 = Release|Any CPU
		{38249F4E-E368-40AC-9C54-8058686CE735}.Release|x86.ActiveCfg = Release|x86
		{38249F4E-E368-40AC-9C54-8058686CE735}.Release|x86.Build.0 = Release|x86
		{F6AA6E15-B2F6-4B7C-9738-1E95EBAC0F2A}.Debug|Any CPU.ActiveCfg = Debug|Any CPU
		{F6AA6E15-B2F6-4B7C-9738-1E95EBAC0F2A}.Debug|Any CPU.Build.0 = Debug|Any CPU
		{F6AA6E15-B2F6-4B7C-9738-1E95EBAC0F2A}.Debug|x86.ActiveCfg = Debug|x86
		{F6AA6E15-B2F6-4B7C-9738-1E95EBAC0F2A}.Debug|x86.Build.0 = Debug|x86
		{F6AA6E15-B2F6-4B7C-9738-1E95EBAC0F2A}.Release|Any CPU.ActiveCfg = Release|Any CPU
		{F6AA6E15-B2F6-4B7C-9738-1E95EBAC0F2A}.Release|Any CPU.Build.0 = Release|Any CPU
		{F6AA6E15-B2F6-4B7C-9738-1E95EBAC0F2A}.Release|x86.ActiveCfg = Release|x86
		{F6AA6E15-B2F6-4B7C-9738-1E95EBAC0F2A}.Release|x86.Build.0 = Release|x86
		{C2D46942-2C7A-4ED4-8866-1F5DE28C53F1}.Debug|Any CPU.ActiveCfg = Debug|Any CPU
		{C2D46942-2C7A-4ED4-8866-1F5DE28C53F1}.Debug|Any CPU.Build.0 = Debug|Any CPU
		{C2D46942-2C7A-4ED4-8866-1F5DE28C53F1}.Debug|x86.ActiveCfg = Debug|Any CPU
		{C2D46942-2C7A-4ED4-8866-1F5DE28C53F1}.Release|Any CPU.ActiveCfg = Release|Any CPU
		{C2D46942-2C7A-4ED4-8866-1F5DE28C53F1}.Release|Any CPU.Build.0 = Release|Any CPU
		{C2D46942-2C7A-4ED4-8866-1F5DE28C53F1}.Release|x86.ActiveCfg = Release|Any CPU
		{1AA16AE5-B55E-41DA-B44B-1AEFAB1D5168}.Debug|Any CPU.ActiveCfg = Debug|Any CPU
		{1AA16AE5-B55E-41DA-B44B-1AEFAB1D5168}.Debug|Any CPU.Build.0 = Debug|Any CPU
		{1AA16AE5-B55E-41DA-B44B-1AEFAB1D5168}.Debug|x86.ActiveCfg = Debug|Any CPU
		{1AA16AE5-B55E-41DA-B44B-1AEFAB1D5168}.Release|Any CPU.ActiveCfg = Release|Any CPU
		{1AA16AE5-B55E-41DA-B44B-1AEFAB1D5168}.Release|Any CPU.Build.0 = Release|Any CPU
		{1AA16AE5-B55E-41DA-B44B-1AEFAB1D5168}.Release|x86.ActiveCfg = Release|Any CPU
		{CA857B3C-1D18-4CDD-8211-0B6F2F82DA70}.Debug|Any CPU.ActiveCfg = Debug|Any CPU
		{CA857B3C-1D18-4CDD-8211-0B6F2F82DA70}.Debug|Any CPU.Build.0 = Debug|Any CPU
		{CA857B3C-1D18-4CDD-8211-0B6F2F82DA70}.Debug|Any CPU.Deploy.0 = Debug|Any CPU
		{CA857B3C-1D18-4CDD-8211-0B6F2F82DA70}.Debug|x86.ActiveCfg = Debug|Any CPU
		{CA857B3C-1D18-4CDD-8211-0B6F2F82DA70}.Release|Any CPU.ActiveCfg = Release|Any CPU
		{CA857B3C-1D18-4CDD-8211-0B6F2F82DA70}.Release|Any CPU.Build.0 = Release|Any CPU
		{CA857B3C-1D18-4CDD-8211-0B6F2F82DA70}.Release|Any CPU.Deploy.0 = Release|Any CPU
		{CA857B3C-1D18-4CDD-8211-0B6F2F82DA70}.Release|x86.ActiveCfg = Release|Any CPU
	EndGlobalSection
	GlobalSection(SolutionProperties) = preSolution
		HideSolutionNode = FALSE
	EndGlobalSection
EndGlobal
